
Microsoft Visual Studio Solution File, Format Version 12.00
# Visual Studio 2017
Project("{FAE04EC0-301F-11D3-BF4B-00C04F79EFBC}") = "Sec3D_v2.Plugins", "Sec3D_v2.Plugins.csproj", "{B80A1EF7-7356-4B86-4F23-9FBD8C6E428A}"
EndProject
Project("{FAE04EC0-301F-11D3-BF4B-00C04F79EFBC}") = "Sec3D_v2", "Sec3D_v2.csproj", "{C886F1D3-990B-C9D4-B7A3-7A56085A06A5}"
EndProject
Project("{FAE04EC0-301F-11D3-BF4B-00C04F79EFBC}") = "Sec3D_v2.Editor.Plugins", "Sec3D_v2.Editor.Plugins.csproj", "{DB5A17BA-57F7-2B15-3E65-553F83597C8A}"
EndProject
Global
	GlobalSection(SolutionConfigurationPlatforms) = preSolution
		Debug|Any CPU = Debug|Any CPU
		Release|Any CPU = Release|Any CPU
	EndGlobalSection
	GlobalSection(ProjectConfigurationPlatforms) = postSolution
		{B80A1EF7-7356-4B86-4F23-9FBD8C6E428A}.Debug|Any CPU.ActiveCfg = Debug|Any CPU
		{B80A1EF7-7356-4B86-4F23-9FBD8C6E428A}.Debug|Any CPU.Build.0 = Debug|Any CPU
		{B80A1EF7-7356-4B86-4F23-9FBD8C6E428A}.Release|Any CPU.ActiveCfg = Release|Any CPU
		{B80A1EF7-7356-4B86-4F23-9FBD8C6E428A}.Release|Any CPU.Build.0 = Release|Any CPU
		{C886F1D3-990B-C9D4-B7A3-7A56085A06A5}.Debug|Any CPU.ActiveCfg = Debug|Any CPU
		{C886F1D3-990B-C9D4-B7A3-7A56085A06A5}.Debug|Any CPU.Build.0 = Debug|Any CPU
		{C886F1D3-990B-C9D4-B7A3-7A56085A06A5}.Release|Any CPU.ActiveCfg = Release|Any CPU
		{C886F1D3-990B-C9D4-B7A3-7A56085A06A5}.Release|Any CPU.Build.0 = Release|Any CPU
		{DB5A17BA-57F7-2B15-3E65-553F83597C8A}.Debug|Any CPU.ActiveCfg = Debug|Any CPU
		{DB5A17BA-57F7-2B15-3E65-553F83597C8A}.Debug|Any CPU.Build.0 = Debug|Any CPU
		{DB5A17BA-57F7-2B15-3E65-553F83597C8A}.Release|Any CPU.ActiveCfg = Release|Any CPU
		{DB5A17BA-57F7-2B15-3E65-553F83597C8A}.Release|Any CPU.Build.0 = Release|Any CPU
	EndGlobalSection
	GlobalSection(SolutionProperties) = preSolution
		HideSolutionNode = FALSE
	EndGlobalSection
EndGlobal
